
Microsoft Visual Studio Solution File, Format Version 12.00
# Visual Studio 15
VisualStudioVersion = 15.0.28307.421
MinimumVisualStudioVersion = 10.0.40219.1
Project("{FAE04EC0-301F-11D3-BF4B-00C04F79EFBC}") = "WebApplication1", "WebApplication1\WebApplication1.csproj", "{D9B29519-E912-4A0F-8B67-FA34B0DA183C}"
EndProject
Global
	GlobalSection(SolutionConfigurationPlatforms) = preSolution
		Debug|Any CPU = Debug|Any CPU
		Release|Any CPU = Release|Any CPU
	EndGlobalSection
	GlobalSection(ProjectConfigurationPlatforms) = postSolution
		{D9B29519-E912-4A0F-8B67-FA34B0DA183C}.Debug|Any CPU.ActiveCfg = Debug|Any CPU
		{D9B29519-E912-4A0F-8B67-FA34B0DA183C}.Debug|Any CPU.Build.0 = Debug|Any CPU
		{D9B29519-E912-4A0F-8B67-FA34B0DA183C}.Release|Any CPU.ActiveCfg = Release|Any CPU
		{D9B29519-E912-4A0F-8B67-FA34B0DA183C}.Release|Any CPU.Build.0 = Release|Any CPU
	EndGlobalSection
	GlobalSection(SolutionProperties) = preSolution
		HideSolutionNode = FALSE
	EndGlobalSection
	GlobalSection(ExtensibilityGlobals) = postSolution
		SolutionGuid = {ED7B0382-588C-4AC9-8711-F5C8FA85DBE1}
	EndGlobalSection
EndGlobal
